
Microsoft Visual Studio Solution File, Format Version 12.00
# Visual Studio Version 17
VisualStudioVersion = 17.0.31903.59
MinimumVisualStudioVersion = 10.0.40219.1
Project("{2150E333-8FDC-42A3-9474-1A3956D46DE8}") = "aulas", "aulas", "{4FECCC84-D217-E75D-91E1-4C260E7F63EA}"
EndProject
Project("{2150E333-8FDC-42A3-9474-1A3956D46DE8}") = "secao02", "secao02", "{44F9ADB2-65E2-2E14-6099-CAAE0D3C2E26}"
EndProject
Project("{FAE04EC0-301F-11D3-BF4B-00C04F79EFBC}") = "aula01", "aulas\secao02\aula01\aula01.csproj", "{FBABB79D-515B-4E78-A40A-B26FACE027DC}"
EndProject
Project("{FAE04EC0-301F-11D3-BF4B-00C04F79EFBC}") = "aula02", "aulas\secao02\aula02\aula02.csproj", "{746A804E-E2BF-4188-801D-43AB865DCFE3}"
EndProject
Project("{FAE04EC0-301F-11D3-BF4B-00C04F79EFBC}") = "aula03", "aulas\secao02\aula03\aula03.csproj", "{810F3812-35ED-4768-8F0A-3F5B6C4586E3}"
EndProject
Project("{FAE04EC0-301F-11D3-BF4B-00C04F79EFBC}") = "ex_fixacao01", "aulas\secao02\exercicios\ex_fixacao01\ex_fixacao01.csproj", "{9618C054-9F72-4E40-A4F1-715ECFC182B6}"
EndProject
Global
	GlobalSection(SolutionConfigurationPlatforms) = preSolution
		Debug|Any CPU = Debug|Any CPU
		Debug|x64 = Debug|x64
		Debug|x86 = Debug|x86
		Release|Any CPU = Release|Any CPU
		Release|x64 = Release|x64
		Release|x86 = Release|x86
	EndGlobalSection
	GlobalSection(ProjectConfigurationPlatforms) = postSolution
		{FBABB79D-515B-4E78-A40A-B26FACE027DC}.Debug|Any CPU.ActiveCfg = Debug|Any CPU
		{FBABB79D-515B-4E78-A40A-B26FACE027DC}.Debug|Any CPU.Build.0 = Debug|Any CPU
		{FBABB79D-515B-4E78-A40A-B26FACE027DC}.Debug|x64.ActiveCfg = Debug|Any CPU
		{FBABB79D-515B-4E78-A40A-B26FACE027DC}.Debug|x64.Build.0 = Debug|Any CPU
		{FBABB79D-515B-4E78-A40A-B26FACE027DC}.Debug|x86.ActiveCfg = Debug|Any CPU
		{FBABB79D-515B-4E78-A40A-B26FACE027DC}.Debug|x86.Build.0 = Debug|Any CPU
		{FBABB79D-515B-4E78-A40A-B26FACE027DC}.Release|Any CPU.ActiveCfg = Release|Any CPU
		{FBABB79D-515B-4E78-A40A-B26FACE027DC}.Release|Any CPU.Build.0 = Release|Any CPU
		{FBABB79D-515B-4E78-A40A-B26FACE027DC}.Release|x64.ActiveCfg = Release|Any CPU
		{FBABB79D-515B-4E78-A40A-B26FACE027DC}.Release|x64.Build.0 = Release|Any CPU
		{FBABB79D-515B-4E78-A40A-B26FACE027DC}.Release|x86.ActiveCfg = Release|Any CPU
		{FBABB79D-515B-4E78-A40A-B26FACE027DC}.Release|x86.Build.0 = Release|Any CPU
		{746A804E-E2BF-4188-801D-43AB865DCFE3}.Debug|Any CPU.ActiveCfg = Debug|Any CPU
		{746A804E-E2BF-4188-801D-43AB865DCFE3}.Debug|Any CPU.Build.0 = Debug|Any CPU
		{746A804E-E2BF-4188-801D-43AB865DCFE3}.Debug|x64.ActiveCfg = Debug|Any CPU
		{746A804E-E2BF-4188-801D-43AB865DCFE3}.Debug|x64.Build.0 = Debug|Any CPU
		{746A804E-E2BF-4188-801D-43AB865DCFE3}.Debug|x86.ActiveCfg = Debug|Any CPU
		{746A804E-E2BF-4188-801D-43AB865DCFE3}.Debug|x86.Build.0 = Debug|Any CPU
		{746A804E-E2BF-4188-801D-43AB865DCFE3}.Release|Any CPU.ActiveCfg = Release|Any CPU
		{746A804E-E2BF-4188-801D-43AB865DCFE3}.Release|Any CPU.Build.0 = Release|Any CPU
		{746A804E-E2BF-4188-801D-43AB865DCFE3}.Release|x64.ActiveCfg = Release|Any CPU
		{746A804E-E2BF-4188-801D-43AB865DCFE3}.Release|x64.Build.0 = Release|Any CPU
		{746A804E-E2BF-4188-801D-43AB865DCFE3}.Release|x86.ActiveCfg = Release|Any CPU
		{746A804E-E2BF-4188-801D-43AB865DCFE3}.Release|x86.Build.0 = Release|Any CPU
		{810F3812-35ED-4768-8F0A-3F5B6C4586E3}.Debug|Any CPU.ActiveCfg = Debug|Any CPU
		{810F3812-35ED-4768-8F0A-3F5B6C4586E3}.Debug|Any CPU.Build.0 = Debug|Any CPU
		{810F3812-35ED-4768-8F0A-3F5B6C4586E3}.Debug|x64.ActiveCfg = Debug|Any CPU
		{810F3812-35ED-4768-8F0A-3F5B6C4586E3}.Debug|x64.Build.0 = Debug|Any CPU
		{810F3812-35ED-4768-8F0A-3F5B6C4586E3}.Debug|x86.ActiveCfg = Debug|Any CPU
		{810F3812-35ED-4768-8F0A-3F5B6C4586E3}.Debug|x86.Build.0 = Debug|Any CPU
		{810F3812-35ED-4768-8F0A-3F5B6C4586E3}.Release|Any CPU.ActiveCfg = Release|Any CPU
		{810F3812-35ED-4768-8F0A-3F5B6C4586E3}.Release|Any CPU.Build.0 = Release|Any CPU
		{810F3812-35ED-4768-8F0A-3F5B6C4586E3}.Release|x64.ActiveCfg = Release|Any CPU
		{810F3812-35ED-4768-8F0A-3F5B6C4586E3}.Release|x64.Build.0 = Release|Any CPU
		{810F3812-35ED-4768-8F0A-3F5B6C4586E3}.Release|x86.ActiveCfg = Release|Any CPU
		{810F3812-35ED-4768-8F0A-3F5B6C4586E3}.Release|x86.Build.0 = Release|Any CPU
		{9618C054-9F72-4E40-A4F1-715ECFC182B6}.Debug|Any CPU.ActiveCfg = Debug|Any CPU
		{9618C054-9F72-4E40-A4F1-715ECFC182B6}.Debug|Any CPU.Build.0 = Debug|Any CPU
		{9618C054-9F72-4E40-A4F1-715ECFC182B6}.Debug|x64.ActiveCfg = Debug|Any CPU
		{9618C054-9F72-4E40-A4F1-715ECFC182B6}.Debug|x64.Build.0 = Debug|Any CPU
		{9618C054-9F72-4E40-A4F1-715ECFC182B6}.Debug|x86.ActiveCfg = Debug|Any CPU
		{9618C054-9F72-4E40-A4F1-715ECFC182B6}.Debug|x86.Build.0 = Debug|Any CPU
		{9618C054-9F72-4E40-A4F1-715ECFC182B6}.Release|Any CPU.ActiveCfg = Release|Any CPU
		{9618C054-9F72-4E40-A4F1-715ECFC182B6}.Release|Any CPU.Build.0 = Release|Any CPU
		{9618C054-9F72-4E40-A4F1-715ECFC182B6}.Release|x64.ActiveCfg = Release|Any CPU
		{9618C054-9F72-4E40-A4F1-715ECFC182B6}.Release|x64.Build.0 = Release|Any CPU
		{9618C054-9F72-4E40-A4F1-715ECFC182B6}.Release|x86.ActiveCfg = Release|Any CPU
		{9618C054-9F72-4E40-A4F1-715ECFC182B6}.Release|x86.Build.0 = Release|Any CPU
	EndGlobalSection
	GlobalSection(SolutionProperties) = preSolution
		HideSolutionNode = FALSE
	EndGlobalSection
	GlobalSection(NestedProjects) = preSolution
		{44F9ADB2-65E2-2E14-6099-CAAE0D3C2E26} = {4FECCC84-D217-E75D-91E1-4C260E7F63EA}
		{FBABB79D-515B-4E78-A40A-B26FACE027DC} = {44F9ADB2-65E2-2E14-6099-CAAE0D3C2E26}
		{746A804E-E2BF-4188-801D-43AB865DCFE3} = {44F9ADB2-65E2-2E14-6099-CAAE0D3C2E26}
		{810F3812-35ED-4768-8F0A-3F5B6C4586E3} = {44F9ADB2-65E2-2E14-6099-CAAE0D3C2E26}
		{9618C054-9F72-4E40-A4F1-715ECFC182B6} = {44F9ADB2-65E2-2E14-6099-CAAE0D3C2E26}
	EndGlobalSection
EndGlobal
