
Microsoft Visual Studio Solution File, Format Version 12.00
# Visual Studio Version 17
VisualStudioVersion = 17.0.31903.59
MinimumVisualStudioVersion = 10.0.40219.1
Project("{2150E333-8FDC-42A3-9474-1A3956D46DE8}") = "aulas", "aulas", "{4FECCC84-D217-E75D-91E1-4C260E7F63EA}"
EndProject
Project("{2150E333-8FDC-42A3-9474-1A3956D46DE8}") = "01-primeiro-programa", "01-primeiro-programa", "{D8F3A253-695C-7689-5398-FB35CB001832}"
EndProject
Project("{FAE04EC0-301F-11D3-BF4B-00C04F79EFBC}") = "Aula01.PrimeiroPrograma", "aulas\01-primeiro-programa\Aula01.PrimeiroPrograma.csproj", "{A70B25A8-A828-4243-BCAF-1379D37F2939}"
EndProject
Global
	GlobalSection(SolutionConfigurationPlatforms) = preSolution
		Debug|Any CPU = Debug|Any CPU
		Debug|x64 = Debug|x64
		Debug|x86 = Debug|x86
		Release|Any CPU = Release|Any CPU
		Release|x64 = Release|x64
		Release|x86 = Release|x86
	EndGlobalSection
	GlobalSection(ProjectConfigurationPlatforms) = postSolution
		{A70B25A8-A828-4243-BCAF-1379D37F2939}.Debug|Any CPU.ActiveCfg = Debug|Any CPU
		{A70B25A8-A828-4243-BCAF-1379D37F2939}.Debug|Any CPU.Build.0 = Debug|Any CPU
		{A70B25A8-A828-4243-BCAF-1379D37F2939}.Debug|x64.ActiveCfg = Debug|Any CPU
		{A70B25A8-A828-4243-BCAF-1379D37F2939}.Debug|x64.Build.0 = Debug|Any CPU
		{A70B25A8-A828-4243-BCAF-1379D37F2939}.Debug|x86.ActiveCfg = Debug|Any CPU
		{A70B25A8-A828-4243-BCAF-1379D37F2939}.Debug|x86.Build.0 = Debug|Any CPU
		{A70B25A8-A828-4243-BCAF-1379D37F2939}.Release|Any CPU.ActiveCfg = Release|Any CPU
		{A70B25A8-A828-4243-BCAF-1379D37F2939}.Release|Any CPU.Build.0 = Release|Any CPU
		{A70B25A8-A828-4243-BCAF-1379D37F2939}.Release|x64.ActiveCfg = Release|Any CPU
		{A70B25A8-A828-4243-BCAF-1379D37F2939}.Release|x64.Build.0 = Release|Any CPU
		{A70B25A8-A828-4243-BCAF-1379D37F2939}.Release|x86.ActiveCfg = Release|Any CPU
		{A70B25A8-A828-4243-BCAF-1379D37F2939}.Release|x86.Build.0 = Release|Any CPU
	EndGlobalSection
	GlobalSection(SolutionProperties) = preSolution
		HideSolutionNode = FALSE
	EndGlobalSection
	GlobalSection(NestedProjects) = preSolution
		{D8F3A253-695C-7689-5398-FB35CB001832} = {4FECCC84-D217-E75D-91E1-4C260E7F63EA}
		{A70B25A8-A828-4243-BCAF-1379D37F2939} = {D8F3A253-695C-7689-5398-FB35CB001832}
	EndGlobalSection
EndGlobal
